
Microsoft Visual Studio Solution File, Format Version 12.00
# Visual Studio Version 17
VisualStudioVersion = 17.3.32825.248
MinimumVisualStudioVersion = 10.0.40219.1
Project("{A07B5EB6-E848-4116-A8D0-A826331D98C6}") = "AccountManagement", "AccountManagement\AccountManagement.sfproj", "{F2A3BD69-D505-4B4E-8F6B-95D85E40EAA5}"
EndProject
Project("{FAE04EC0-301F-11D3-BF4B-00C04F79EFBC}") = "AccountManagement.Api", "AccountManagement.Api\AccountManagement.Api.csproj", "{282B7BB2-96AD-44F4-9F0D-29BD479781F4}"
EndProject
Project("{FAE04EC0-301F-11D3-BF4B-00C04F79EFBC}") = "AccountManagement.Domain", "AccountManagement.Domain\AccountManagement.Domain.csproj", "{5E406AEC-E543-41D9-9A89-BDE119AC559C}"
EndProject
Project("{FAE04EC0-301F-11D3-BF4B-00C04F79EFBC}") = "AccountManagement.Infrastructure", "AccountManagement.Infrastructure\AccountManagement.Infrastructure.csproj", "{225980AD-D10D-4B2D-B11D-6598409D408C}"
EndProject
Global
	GlobalSection(SolutionConfigurationPlatforms) = preSolution
		Debug|Any CPU = Debug|Any CPU
		Debug|x64 = Debug|x64
		Release|Any CPU = Release|Any CPU
		Release|x64 = Release|x64
	EndGlobalSection
	GlobalSection(ProjectConfigurationPlatforms) = postSolution
		{F2A3BD69-D505-4B4E-8F6B-95D85E40EAA5}.Debug|Any CPU.ActiveCfg = Debug|x64
		{F2A3BD69-D505-4B4E-8F6B-95D85E40EAA5}.Debug|Any CPU.Build.0 = Debug|x64
		{F2A3BD69-D505-4B4E-8F6B-95D85E40EAA5}.Debug|Any CPU.Deploy.0 = Debug|x64
		{F2A3BD69-D505-4B4E-8F6B-95D85E40EAA5}.Debug|x64.ActiveCfg = Debug|x64
		{F2A3BD69-D505-4B4E-8F6B-95D85E40EAA5}.Debug|x64.Build.0 = Debug|x64
		{F2A3BD69-D505-4B4E-8F6B-95D85E40EAA5}.Debug|x64.Deploy.0 = Debug|x64
		{F2A3BD69-D505-4B4E-8F6B-95D85E40EAA5}.Release|Any CPU.ActiveCfg = Release|x64
		{F2A3BD69-D505-4B4E-8F6B-95D85E40EAA5}.Release|Any CPU.Build.0 = Release|x64
		{F2A3BD69-D505-4B4E-8F6B-95D85E40EAA5}.Release|Any CPU.Deploy.0 = Release|x64
		{F2A3BD69-D505-4B4E-8F6B-95D85E40EAA5}.Release|x64.ActiveCfg = Release|x64
		{F2A3BD69-D505-4B4E-8F6B-95D85E40EAA5}.Release|x64.Build.0 = Release|x64
		{F2A3BD69-D505-4B4E-8F6B-95D85E40EAA5}.Release|x64.Deploy.0 = Release|x64
		{282B7BB2-96AD-44F4-9F0D-29BD479781F4}.Debug|Any CPU.ActiveCfg = Debug|Any CPU
		{282B7BB2-96AD-44F4-9F0D-29BD479781F4}.Debug|Any CPU.Build.0 = Debug|Any CPU
		{282B7BB2-96AD-44F4-9F0D-29BD479781F4}.Debug|x64.ActiveCfg = Debug|Any CPU
		{282B7BB2-96AD-44F4-9F0D-29BD479781F4}.Debug|x64.Build.0 = Debug|Any CPU
		{282B7BB2-96AD-44F4-9F0D-29BD479781F4}.Release|Any CPU.ActiveCfg = Release|Any CPU
		{282B7BB2-96AD-44F4-9F0D-29BD479781F4}.Release|Any CPU.Build.0 = Release|Any CPU
		{282B7BB2-96AD-44F4-9F0D-29BD479781F4}.Release|x64.ActiveCfg = Release|Any CPU
		{282B7BB2-96AD-44F4-9F0D-29BD479781F4}.Release|x64.Build.0 = Release|Any CPU
		{5E406AEC-E543-41D9-9A89-BDE119AC559C}.Debug|Any CPU.ActiveCfg = Debug|Any CPU
		{5E406AEC-E543-41D9-9A89-BDE119AC559C}.Debug|Any CPU.Build.0 = Debug|Any CPU
		{5E406AEC-E543-41D9-9A89-BDE119AC559C}.Debug|x64.ActiveCfg = Debug|Any CPU
		{5E406AEC-E543-41D9-9A89-BDE119AC559C}.Debug|x64.Build.0 = Debug|Any CPU
		{5E406AEC-E543-41D9-9A89-BDE119AC559C}.Release|Any CPU.ActiveCfg = Release|Any CPU
		{5E406AEC-E543-41D9-9A89-BDE119AC559C}.Release|Any CPU.Build.0 = Release|Any CPU
		{5E406AEC-E543-41D9-9A89-BDE119AC559C}.Release|x64.ActiveCfg = Release|Any CPU
		{5E406AEC-E543-41D9-9A89-BDE119AC559C}.Release|x64.Build.0 = Release|Any CPU
		{225980AD-D10D-4B2D-B11D-6598409D408C}.Debug|Any CPU.ActiveCfg = Debug|Any CPU
		{225980AD-D10D-4B2D-B11D-6598409D408C}.Debug|Any CPU.Build.0 = Debug|Any CPU
		{225980AD-D10D-4B2D-B11D-6598409D408C}.Debug|x64.ActiveCfg = Debug|Any CPU
		{225980AD-D10D-4B2D-B11D-6598409D408C}.Debug|x64.Build.0 = Debug|Any CPU
		{225980AD-D10D-4B2D-B11D-6598409D408C}.Release|Any CPU.ActiveCfg = Release|Any CPU
		{225980AD-D10D-4B2D-B11D-6598409D408C}.Release|Any CPU.Build.0 = Release|Any CPU
		{225980AD-D10D-4B2D-B11D-6598409D408C}.Release|x64.ActiveCfg = Release|Any CPU
		{225980AD-D10D-4B2D-B11D-6598409D408C}.Release|x64.Build.0 = Release|Any CPU
	EndGlobalSection
	GlobalSection(SolutionProperties) = preSolution
		HideSolutionNode = FALSE
	EndGlobalSection
	GlobalSection(ExtensibilityGlobals) = postSolution
		SolutionGuid = {9C4C0973-8457-4B07-BE33-60719063E0BA}
	EndGlobalSection
EndGlobal
